
Microsoft Visual Studio Solution File, Format Version 12.00
# Visual Studio Version 17
VisualStudioVersion = 17.0.31903.59
MinimumVisualStudioVersion = 10.0.40219.1
Project("{FAE04EC0-301F-11D3-BF4B-00C04F79EFBC}") = "supplementProj3", "supplementProj3\supplementProj3.csproj", "{26D2A1FB-D35E-4AF6-AE99-D2B7560AEFF0}"
EndProject
Project("{FAE04EC0-301F-11D3-BF4B-00C04F79EFBC}") = "supplementProj3.Tests", "supplementProj3.Tests\supplementProj3.Tests.csproj", "{66CAEDC5-B18C-4695-BCB7-AB86CF0C3B1B}"
EndProject
Global
	GlobalSection(SolutionConfigurationPlatforms) = preSolution
		Debug|Any CPU = Debug|Any CPU
		Release|Any CPU = Release|Any CPU
	EndGlobalSection
	GlobalSection(SolutionProperties) = preSolution
		HideSolutionNode = FALSE
	EndGlobalSection
	GlobalSection(ProjectConfigurationPlatforms) = postSolution
		{26D2A1FB-D35E-4AF6-AE99-D2B7560AEFF0}.Debug|Any CPU.ActiveCfg = Debug|Any CPU
		{26D2A1FB-D35E-4AF6-AE99-D2B7560AEFF0}.Debug|Any CPU.Build.0 = Debug|Any CPU
		{26D2A1FB-D35E-4AF6-AE99-D2B7560AEFF0}.Release|Any CPU.ActiveCfg = Release|Any CPU
		{26D2A1FB-D35E-4AF6-AE99-D2B7560AEFF0}.Release|Any CPU.Build.0 = Release|Any CPU
		{66CAEDC5-B18C-4695-BCB7-AB86CF0C3B1B}.Debug|Any CPU.ActiveCfg = Debug|Any CPU
		{66CAEDC5-B18C-4695-BCB7-AB86CF0C3B1B}.Debug|Any CPU.Build.0 = Debug|Any CPU
		{66CAEDC5-B18C-4695-BCB7-AB86CF0C3B1B}.Release|Any CPU.ActiveCfg = Release|Any CPU
		{66CAEDC5-B18C-4695-BCB7-AB86CF0C3B1B}.Release|Any CPU.Build.0 = Release|Any CPU
	EndGlobalSection
EndGlobal
